
Microsoft Visual Studio Solution File, Format Version 12.00
Project("{FAE04EC0-301F-11D3-BF4B-00C04F79EFBC}") = "Common", "Common\Common.csproj", "{6436AA54-19B0-42FC-894E-5091A8DC334F}"
EndProject
Project("{FAE04EC0-301F-11D3-BF4B-00C04F79EFBC}") = "Day1", "Day1\Day1.csproj", "{C15B6FD6-4753-46FE-A083-20011F8AF540}"
EndProject
Project("{FAE04EC0-301F-11D3-BF4B-00C04F79EFBC}") = "Host", "Host\Host.csproj", "{7F59B31D-C323-47E5-A3A5-5F2A226A84CA}"
EndProject
Project("{FAE04EC0-301F-11D3-BF4B-00C04F79EFBC}") = "Day2", "Day2\Day2.csproj", "{BA9A5DF2-4AFA-4195-B777-8D9B6530AF2A}"
EndProject
Project("{FAE04EC0-301F-11D3-BF4B-00C04F79EFBC}") = "Day3", "Day3\Day3.csproj", "{E6D60A92-9D2F-43CF-9957-3A0618204FFF}"
EndProject
Project("{FAE04EC0-301F-11D3-BF4B-00C04F79EFBC}") = "Day4", "Day4\Day4.csproj", "{B534CABA-F7CB-45F0-AEF6-DEEB03CE3447}"
EndProject
Project("{FAE04EC0-301F-11D3-BF4B-00C04F79EFBC}") = "Day5", "Day5\Day5.csproj", "{4B1CEDC5-9027-40FC-B082-1CF5A7B49AD3}"
EndProject
Project("{FAE04EC0-301F-11D3-BF4B-00C04F79EFBC}") = "Day6", "Day6\Day6.csproj", "{B96591E0-7442-4C16-8CE8-F2B30CACB830}"
EndProject
Global
	GlobalSection(SolutionConfigurationPlatforms) = preSolution
		Debug|Any CPU = Debug|Any CPU
		Release|Any CPU = Release|Any CPU
	EndGlobalSection
	GlobalSection(ProjectConfigurationPlatforms) = postSolution
		{6436AA54-19B0-42FC-894E-5091A8DC334F}.Debug|Any CPU.ActiveCfg = Debug|Any CPU
		{6436AA54-19B0-42FC-894E-5091A8DC334F}.Debug|Any CPU.Build.0 = Debug|Any CPU
		{6436AA54-19B0-42FC-894E-5091A8DC334F}.Release|Any CPU.ActiveCfg = Release|Any CPU
		{6436AA54-19B0-42FC-894E-5091A8DC334F}.Release|Any CPU.Build.0 = Release|Any CPU
		{C15B6FD6-4753-46FE-A083-20011F8AF540}.Debug|Any CPU.ActiveCfg = Debug|Any CPU
		{C15B6FD6-4753-46FE-A083-20011F8AF540}.Debug|Any CPU.Build.0 = Debug|Any CPU
		{C15B6FD6-4753-46FE-A083-20011F8AF540}.Release|Any CPU.ActiveCfg = Release|Any CPU
		{C15B6FD6-4753-46FE-A083-20011F8AF540}.Release|Any CPU.Build.0 = Release|Any CPU
		{7F59B31D-C323-47E5-A3A5-5F2A226A84CA}.Debug|Any CPU.ActiveCfg = Debug|Any CPU
		{7F59B31D-C323-47E5-A3A5-5F2A226A84CA}.Debug|Any CPU.Build.0 = Debug|Any CPU
		{7F59B31D-C323-47E5-A3A5-5F2A226A84CA}.Release|Any CPU.ActiveCfg = Release|Any CPU
		{7F59B31D-C323-47E5-A3A5-5F2A226A84CA}.Release|Any CPU.Build.0 = Release|Any CPU
		{BA9A5DF2-4AFA-4195-B777-8D9B6530AF2A}.Debug|Any CPU.ActiveCfg = Debug|Any CPU
		{BA9A5DF2-4AFA-4195-B777-8D9B6530AF2A}.Debug|Any CPU.Build.0 = Debug|Any CPU
		{BA9A5DF2-4AFA-4195-B777-8D9B6530AF2A}.Release|Any CPU.ActiveCfg = Release|Any CPU
		{BA9A5DF2-4AFA-4195-B777-8D9B6530AF2A}.Release|Any CPU.Build.0 = Release|Any CPU
		{E6D60A92-9D2F-43CF-9957-3A0618204FFF}.Debug|Any CPU.ActiveCfg = Debug|Any CPU
		{E6D60A92-9D2F-43CF-9957-3A0618204FFF}.Debug|Any CPU.Build.0 = Debug|Any CPU
		{E6D60A92-9D2F-43CF-9957-3A0618204FFF}.Release|Any CPU.ActiveCfg = Release|Any CPU
		{E6D60A92-9D2F-43CF-9957-3A0618204FFF}.Release|Any CPU.Build.0 = Release|Any CPU
		{B534CABA-F7CB-45F0-AEF6-DEEB03CE3447}.Debug|Any CPU.ActiveCfg = Debug|Any CPU
		{B534CABA-F7CB-45F0-AEF6-DEEB03CE3447}.Debug|Any CPU.Build.0 = Debug|Any CPU
		{B534CABA-F7CB-45F0-AEF6-DEEB03CE3447}.Release|Any CPU.ActiveCfg = Release|Any CPU
		{B534CABA-F7CB-45F0-AEF6-DEEB03CE3447}.Release|Any CPU.Build.0 = Release|Any CPU
		{4B1CEDC5-9027-40FC-B082-1CF5A7B49AD3}.Debug|Any CPU.ActiveCfg = Debug|Any CPU
		{4B1CEDC5-9027-40FC-B082-1CF5A7B49AD3}.Debug|Any CPU.Build.0 = Debug|Any CPU
		{4B1CEDC5-9027-40FC-B082-1CF5A7B49AD3}.Release|Any CPU.ActiveCfg = Release|Any CPU
		{4B1CEDC5-9027-40FC-B082-1CF5A7B49AD3}.Release|Any CPU.Build.0 = Release|Any CPU
		{B96591E0-7442-4C16-8CE8-F2B30CACB830}.Debug|Any CPU.ActiveCfg = Debug|Any CPU
		{B96591E0-7442-4C16-8CE8-F2B30CACB830}.Debug|Any CPU.Build.0 = Debug|Any CPU
		{B96591E0-7442-4C16-8CE8-F2B30CACB830}.Release|Any CPU.ActiveCfg = Release|Any CPU
		{B96591E0-7442-4C16-8CE8-F2B30CACB830}.Release|Any CPU.Build.0 = Release|Any CPU
	EndGlobalSection
EndGlobal
